// !$*UTF8*$!
{
	archiveVersion = 1;
	classes = {
	};
	objectVersion = 50;
	objects = {

/* Begin PBXBuildFile section */
		32B44E0D23EF7B5500DFA2FD /* main.cpp in Sources */ = {isa = PBXBuildFile; fileRef = 32B44E0C23EF7B5500DFA2FD /* main.cpp */; };
		32B44E1523EF7CAF00DFA2FD /* libbridges.a in Frameworks */ = {isa = PBXBuildFile; fileRef = 32B44E1423EF7B6600DFA2FD /* libbridges.a */; };
		32B44E1A23EF7EDE00DFA2FD /* libpthread.tbd in Frameworks */ = {isa = PBXBuildFile; fileRef = 32B44E1923EF7ED700DFA2FD /* libpthread.tbd */; };
		32B44E1C23EF7EE700DFA2FD /* libcurl.4.tbd in Frameworks */ = {isa = PBXBuildFile; fileRef = 32B44E1B23EF7EE300DFA2FD /* libcurl.4.tbd */; };
/* End PBXBuildFile section */

/* Begin PBXCopyFilesBuildPhase section */
		32B44E0723EF7B5500DFA2FD /* CopyFiles */ = {
			isa = PBXCopyFilesBuildPhase;
			buildActionMask = 2147483647;
			dstPath = /usr/share/man/man1/;
			dstSubfolderSpec = 0;
			files = (
			);
			runOnlyForDeploymentPostprocessing = 1;
		};
/* End PBXCopyFilesBuildPhase section */

/* Begin PBXFileReference section */
		32B44E0923EF7B5500DFA2FD /* testing */ = {isa = PBXFileReference; explicitFileType = "compiled.mach-o.executable"; includeInIndex = 0; path = testing; sourceTree = BUILT_PRODUCTS_DIR; };
		32B44E0C23EF7B5500DFA2FD /* main.cpp */ = {isa = PBXFileReference; lastKnownFileType = sourcecode.cpp.cpp; path = main.cpp; sourceTree = "<group>"; };
		32B44E1423EF7B6600DFA2FD /* libbridges.a */ = {isa = PBXFileReference; lastKnownFileType = archive.ar; name = libbridges.a; path = "../../Downloads/bridges-cxx-3.0.1-x86_64-apple-darwin17.7.0/lib/libbridges.a"; sourceTree = "<group>"; };
		32B44E1623EF7D9700DFA2FD /* configure.ac */ = {isa = PBXFileReference; lastKnownFileType = text; name = configure.ac; path = "../../Downloads/curl-7.68.0/configure.ac"; sourceTree = "<group>"; };
		32B44E1723EF7DAA00DFA2FD /* libcurl.pc */ = {isa = PBXFileReference; lastKnownFileType = text; name = libcurl.pc; path = "../../Downloads/curl-7.68.0 2/libcurl.pc"; sourceTree = "<group>"; };
		32B44E1823EF7E2F00DFA2FD /* curl-7.68.0.tar */ = {isa = PBXFileReference; lastKnownFileType = archive.tar; name = "curl-7.68.0.tar"; path = "../../Downloads/curl-7.68.0.tar"; sourceTree = "<group>"; };
		32B44E1923EF7ED700DFA2FD /* libpthread.tbd */ = {isa = PBXFileReference; lastKnownFileType = "sourcecode.text-based-dylib-definition"; name = libpthread.tbd; path = usr/lib/libpthread.tbd; sourceTree = SDKROOT; };
		32B44E1B23EF7EE300DFA2FD /* libcurl.4.tbd */ = {isa = PBXFileReference; lastKnownFileType = "sourcecode.text-based-dylib-definition"; name = libcurl.4.tbd; path = usr/lib/libcurl.4.tbd; sourceTree = SDKROOT; };
/* End PBXFileReference section */

/* Begin PBXFrameworksBuildPhase section */
		32B44E0623EF7B5500DFA2FD /* Frameworks */ = {
			isa = PBXFrameworksBuildPhase;
			buildActionMask = 2147483647;
			files = (
				32B44E1523EF7CAF00DFA2FD /* libbridges.a in Frameworks */,
				32B44E1A23EF7EDE00DFA2FD /* libpthread.tbd in Frameworks */,
				32B44E1C23EF7EE700DFA2FD /* libcurl.4.tbd in Frameworks */,
			);
			runOnlyForDeploymentPostprocessing = 0;
		};
/* End PBXFrameworksBuildPhase section */

/* Begin PBXGroup section */
		32B44E0023EF7B5500DFA2FD = {
			isa = PBXGroup;
			children = (
				32B44E0B23EF7B5500DFA2FD /* testing */,
				32B44E0A23EF7B5500DFA2FD /* Products */,
				32B44E1323EF7B6600DFA2FD /* Frameworks */,
			);
			sourceTree = "<group>";
		};
		32B44E0A23EF7B5500DFA2FD /* Products */ = {
			isa = PBXGroup;
			children = (
				32B44E0923EF7B5500DFA2FD /* testing */,
			);
			name = Products;
			sourceTree = "<group>";
		};
		32B44E0B23EF7B5500DFA2FD /* testing */ = {
			isa = PBXGroup;
			children = (
				32B44E0C23EF7B5500DFA2FD /* main.cpp */,
			);
			path = testing;
			sourceTree = "<group>";
		};
		32B44E1323EF7B6600DFA2FD /* Frameworks */ = {
			isa = PBXGroup;
			children = (
				32B44E1B23EF7EE300DFA2FD /* libcurl.4.tbd */,
				32B44E1923EF7ED700DFA2FD /* libpthread.tbd */,
				32B44E1823EF7E2F00DFA2FD /* curl-7.68.0.tar */,
				32B44E1723EF7DAA00DFA2FD /* libcurl.pc */,
				32B44E1623EF7D9700DFA2FD /* configure.ac */,
				32B44E1423EF7B6600DFA2FD /* libbridges.a */,
			);
			name = Frameworks;
			sourceTree = "<group>";
		};
/* End PBXGroup section */

/* Begin PBXNativeTarget section */
		32B44E0823EF7B5500DFA2FD /* testing */ = {
			isa = PBXNativeTarget;
			buildConfigurationList = 32B44E1023EF7B5500DFA2FD /* Build configuration list for PBXNativeTarget "testing" */;
			buildPhases = (
				32B44E0523EF7B5500DFA2FD /* Sources */,
				32B44E0623EF7B5500DFA2FD /* Frameworks */,
				32B44E0723EF7B5500DFA2FD /* CopyFiles */,
			);
			buildRules = (
			);
			dependencies = (
			);
			name = testing;
			productName = testing;
			productReference = 32B44E0923EF7B5500DFA2FD /* testing */;
			productType = "com.apple.product-type.tool";
		};
/* End PBXNativeTarget section */

/* Begin PBXProject section */
		32B44E0123EF7B5500DFA2FD /* Project object */ = {
			isa = PBXProject;
			attributes = {
				LastUpgradeCheck = 1130;
				ORGANIZATIONNAME = "Amanda Cheng";
				TargetAttributes = {
					32B44E0823EF7B5500DFA2FD = {
						CreatedOnToolsVersion = 11.3.1;
					};
				};
			};
			buildConfigurationList = 32B44E0423EF7B5500DFA2FD /* Build configuration list for PBXProject "testing" */;
			compatibilityVersion = "Xcode 9.3";
			developmentRegion = en;
			hasScannedForEncodings = 0;
			knownRegions = (
				en,
				Base,
			);
			mainGroup = 32B44E0023EF7B5500DFA2FD;
			productRefGroup = 32B44E0A23EF7B5500DFA2FD /* Products */;
			projectDirPath = "";
			projectRoot = "";
			targets = (
				32B44E0823EF7B5500DFA2FD /* testing */,
			);
		};
/* End PBXProject section */

/* Begin PBXSourcesBuildPhase section */
		32B44E0523EF7B5500DFA2FD /* Sources */ = {
			isa = PBXSourcesBuildPhase;
			buildActionMask = 2147483647;
			files = (
				32B44E0D23EF7B5500DFA2FD /* main.cpp in Sources */,
			);
			runOnlyForDeploymentPostprocessing = 0;
		};
/* End PBXSourcesBuildPhase section */

/* Begin XCBuildConfiguration section */
		32B44E0E23EF7B5500DFA2FD /* Debug */ = {
			isa = XCBuildConfiguration;
			buildSettings = {
				ALWAYS_SEARCH_USER_PATHS = NO;
				CLANG_ANALYZER_NONNULL = YES;
				CLANG_ANALYZER_NUMBER_OBJECT_CONVERSION = YES_AGGRESSIVE;
				CLANG_CXX_LANGUAGE_STANDARD = "gnu++14";
				CLANG_CXX_LIBRARY = "libc++";
				CLANG_ENABLE_MODULES = YES;
				CLANG_ENABLE_OBJC_ARC = YES;
				CLANG_ENABLE_OBJC_WEAK = YES;
				CLANG_WARN_BLOCK_CAPTURE_AUTORELEASING = YES;
				CLANG_WARN_BOOL_CONVERSION = YES;
				CLANG_WARN_COMMA = YES;
				CLANG_WARN_CONSTANT_CONVERSION = YES;
				CLANG_WARN_DEPRECATED_OBJC_IMPLEMENTATIONS = YES;
				CLANG_WARN_DIRECT_OBJC_ISA_USAGE = YES_ERROR;
				CLANG_WARN_DOCUMENTATION_COMMENTS = YES;
				CLANG_WARN_EMPTY_BODY = YES;
				CLANG_WARN_ENUM_CONVERSION = YES;
				CLANG_WARN_INFINITE_RECURSION = YES;
				CLANG_WARN_INT_CONVERSION = YES;
				CLANG_WARN_NON_LITERAL_NULL_CONVERSION = YES;
				CLANG_WARN_OBJC_IMPLICIT_RETAIN_SELF = YES;
				CLANG_WARN_OBJC_LITERAL_CONVERSION = YES;
				CLANG_WARN_OBJC_ROOT_CLASS = YES_ERROR;
				CLANG_WARN_RANGE_LOOP_ANALYSIS = YES;
				CLANG_WARN_STRICT_PROTOTYPES = YES;
				CLANG_WARN_SUSPICIOUS_MOVE = YES;
				CLANG_WARN_UNGUARDED_AVAILABILITY = YES_AGGRESSIVE;
				CLANG_WARN_UNREACHABLE_CODE = YES;
				CLANG_WARN__DUPLICATE_METHOD_MATCH = YES;
				COPY_PHASE_STRIP = NO;
				DEBUG_INFORMATION_FORMAT = dwarf;
				ENABLE_STRICT_OBJC_MSGSEND = YES;
				ENABLE_TESTABILITY = YES;
				GCC_C_LANGUAGE_STANDARD = gnu11;
				GCC_DYNAMIC_NO_PIC = NO;
				GCC_NO_COMMON_BLOCKS = YES;
				GCC_OPTIMIZATION_LEVEL = 0;
				GCC_PREPROCESSOR_DEFINITIONS = (
					"DEBUG=1",
					"$(inherited)",
				);
				GCC_WARN_64_TO_32_BIT_CONVERSION = YES;
				GCC_WARN_ABOUT_RETURN_TYPE = YES_ERROR;
				GCC_WARN_UNDECLARED_SELECTOR = YES;
				GCC_WARN_UNINITIALIZED_AUTOS = YES_AGGRESSIVE;
				GCC_WARN_UNUSED_FUNCTION = YES;
				GCC_WARN_UNUSED_VARIABLE = YES;
				MACOSX_DEPLOYMENT_TARGET = 10.14;
				MTL_ENABLE_DEBUG_INFO = INCLUDE_SOURCE;
				MTL_FAST_MATH = YES;
				ONLY_ACTIVE_ARCH = YES;
				SDKROOT = macosx;
			};
			name = Debug;
		};
		32B44E0F23EF7B5500DFA2FD /* Release */ = {
			isa = XCBuildConfiguration;
			buildSettings = {
				ALWAYS_SEARCH_USER_PATHS = NO;
				CLANG_ANALYZER_NONNULL = YES;
				CLANG_ANALYZER_NUMBER_OBJECT_CONVERSION = YES_AGGRESSIVE;
				CLANG_CXX_LANGUAGE_STANDARD = "gnu++14";
				CLANG_CXX_LIBRARY = "libc++";
				CLANG_ENABLE_MODULES = YES;
				CLANG_ENABLE_OBJC_ARC = YES;
				CLANG_ENABLE_OBJC_WEAK = YES;
				CLANG_WARN_BLOCK_CAPTURE_AUTORELEASING = YES;
				CLANG_WARN_BOOL_CONVERSION = YES;
				CLANG_WARN_COMMA = YES;
				CLANG_WARN_CONSTANT_CONVERSION = YES;
				CLANG_WARN_DEPRECATED_OBJC_IMPLEMENTATIONS = YES;
				CLANG_WARN_DIRECT_OBJC_ISA_USAGE = YES_ERROR;
				CLANG_WARN_DOCUMENTATION_COMMENTS = YES;
				CLANG_WARN_EMPTY_BODY = YES;
				CLANG_WARN_ENUM_CONVERSION = YES;
				CLANG_WARN_INFINITE_RECURSION = YES;
				CLANG_WARN_INT_CONVERSION = YES;
				CLANG_WARN_NON_LITERAL_NULL_CONVERSION = YES;
				CLANG_WARN_OBJC_IMPLICIT_RETAIN_SELF = YES;
				CLANG_WARN_OBJC_LITERAL_CONVERSION = YES;
				CLANG_WARN_OBJC_ROOT_CLASS = YES_ERROR;
				CLANG_WARN_RANGE_LOOP_ANALYSIS = YES;
				CLANG_WARN_STRICT_PROTOTYPES = YES;
				CLANG_WARN_SUSPICIOUS_MOVE = YES;
				CLANG_WARN_UNGUARDED_AVAILABILITY = YES_AGGRESSIVE;
				CLANG_WARN_UNREACHABLE_CODE = YES;
				CLANG_WARN__DUPLICATE_METHOD_MATCH = YES;
				COPY_PHASE_STRIP = NO;
				DEBUG_INFORMATION_FORMAT = "dwarf-with-dsym";
				ENABLE_NS_ASSERTIONS = NO;
				ENABLE_STRICT_OBJC_MSGSEND = YES;
				GCC_C_LANGUAGE_STANDARD = gnu11;
				GCC_NO_COMMON_BLOCKS = YES;
				GCC_WARN_64_TO_32_BIT_CONVERSION = YES;
				GCC_WARN_ABOUT_RETURN_TYPE = YES_ERROR;
				GCC_WARN_UNDECLARED_SELECTOR = YES;
				GCC_WARN_UNINITIALIZED_AUTOS = YES_AGGRESSIVE;
				GCC_WARN_UNUSED_FUNCTION = YES;
				GCC_WARN_UNUSED_VARIABLE = YES;
				MACOSX_DEPLOYMENT_TARGET = 10.14;
				MTL_ENABLE_DEBUG_INFO = NO;
				MTL_FAST_MATH = YES;
				SDKROOT = macosx;
			};
			name = Release;
		};
		32B44E1123EF7B5500DFA2FD /* Debug */ = {
			isa = XCBuildConfiguration;
			buildSettings = {
				CODE_SIGN_STYLE = Automatic;
				HEADER_SEARCH_PATHS = (
					"/Users/amandacheng/Downloads/bridges-cxx-3.0.1-x86_64-apple-darwin17.7.0/lib",
					"/Users/amandacheng/Downloads/bridges-cxx-3.0.1-x86_64-apple-darwin17.7.0/include",
					"/Users/amandacheng/Downloads/bridges-cxx-3.0.1-x86_64-apple-darwin17.7.0/include/rapidjson",
				);
				LIBRARY_SEARCH_PATHS = (
					"/Users/amandacheng/Downloads/bridges-cxx-3.0.1-x86_64-apple-darwin17.7.0/lib",
					"/Users/amandacheng/Downloads/bridges-cxx-3.0.1-x86_64-apple-darwin17.7.0/include/rapidjson",
					"/Users/amandacheng/Downloads/bridges-cxx-3.0.1-x86_64-apple-darwin17.7.0/include",
				);
				PRODUCT_NAME = "$(TARGET_NAME)";
			};
			name = Debug;
		};
		32B44E1223EF7B5500DFA2FD /* Release */ = {
			isa = XCBuildConfiguration;
			buildSettings = {
				CODE_SIGN_STYLE = Automatic;
				HEADER_SEARCH_PATHS = (
					"/Users/amandacheng/Downloads/bridges-cxx-3.0.1-x86_64-apple-darwin17.7.0/lib",
					"/Users/amandacheng/Downloads/bridges-cxx-3.0.1-x86_64-apple-darwin17.7.0/include",
					"/Users/amandacheng/Downloads/bridges-cxx-3.0.1-x86_64-apple-darwin17.7.0/include/rapidjson",
				);
				LIBRARY_SEARCH_PATHS = (
					"/Users/amandacheng/Downloads/bridges-cxx-3.0.1-x86_64-apple-darwin17.7.0/lib",
					"/Users/amandacheng/Downloads/bridges-cxx-3.0.1-x86_64-apple-darwin17.7.0/include/rapidjson",
					"/Users/amandacheng/Downloads/bridges-cxx-3.0.1-x86_64-apple-darwin17.7.0/include",
				);
				PRODUCT_NAME = "$(TARGET_NAME)";
			};
			name = Release;
		};
/* End XCBuildConfiguration section */

/* Begin XCConfigurationList section */
		32B44E0423EF7B5500DFA2FD /* Build configuration list for PBXProject "testing" */ = {
			isa = XCConfigurationList;
			buildConfigurations = (
				32B44E0E23EF7B5500DFA2FD /* Debug */,
				32B44E0F23EF7B5500DFA2FD /* Release */,
			);
			defaultConfigurationIsVisible = 0;
			defaultConfigurationName = Release;
		};
		32B44E1023EF7B5500DFA2FD /* Build configuration list for PBXNativeTarget "testing" */ = {
			isa = XCConfigurationList;
			buildConfigurations = (
				32B44E1123EF7B5500DFA2FD /* Debug */,
				32B44E1223EF7B5500DFA2FD /* Release */,
			);
			defaultConfigurationIsVisible = 0;
			defaultConfigurationName = Release;
		};
/* End XCConfigurationList section */
	};
	rootObject = 32B44E0123EF7B5500DFA2FD /* Project object */;
}
